
Microsoft Visual Studio Solution File, Format Version 12.00
# Visual Studio Version 17
VisualStudioVersion = 17.1.32421.90
MinimumVisualStudioVersion = 10.0.40219.1
Project("{FAE04EC0-301F-11D3-BF4B-00C04F79EFBC}") = "Sugarbakers", "Sugarbakers.csproj", "{7CF10AD8-3086-43D2-9C85-E7A9D69DE59C}"
EndProject
Global
	GlobalSection(SolutionConfigurationPlatforms) = preSolution
		Debug|Any CPU = Debug|Any CPU
		Release|Any CPU = Release|Any CPU
	EndGlobalSection
	GlobalSection(ProjectConfigurationPlatforms) = postSolution
		{7CF10AD8-3086-43D2-9C85-E7A9D69DE59C}.Debug|Any CPU.ActiveCfg = Debug|Any CPU
		{7CF10AD8-3086-43D2-9C85-E7A9D69DE59C}.Debug|Any CPU.Build.0 = Debug|Any CPU
		{7CF10AD8-3086-43D2-9C85-E7A9D69DE59C}.Release|Any CPU.ActiveCfg = Release|Any CPU
		{7CF10AD8-3086-43D2-9C85-E7A9D69DE59C}.Release|Any CPU.Build.0 = Release|Any CPU
	EndGlobalSection
	GlobalSection(SolutionProperties) = preSolution
		HideSolutionNode = FALSE
	EndGlobalSection
	GlobalSection(ExtensibilityGlobals) = postSolution
		SolutionGuid = {E33C482D-3DA4-459A-B260-277E1C19F8BF}
	EndGlobalSection
EndGlobal
